// !$*UTF8*$!
{
	archiveVersion = 1;
	classes = {
	};
	objectVersion = 56;
	objects = {

/* Begin PBXBuildFile section */
		C67028E42BC89980006D99E8 /* ResourcePath.mm in Sources */ = {isa = PBXBuildFile; fileRef = C67028E32BC89980006D99E8 /* ResourcePath.mm */; };
		C67028E72BC89980006D99E8 /* main.cpp in Sources */ = {isa = PBXBuildFile; fileRef = C67028E62BC89980006D99E8 /* main.cpp */; };
		C67028EA2BC89980006D99E8 /* background.jpg in Resources */ = {isa = PBXBuildFile; fileRef = C67028E92BC89980006D99E8 /* background.jpg */; };
		C67028EC2BC89980006D99E8 /* doodle_pop.ogg in Resources */ = {isa = PBXBuildFile; fileRef = C67028EB2BC89980006D99E8 /* doodle_pop.ogg */; };
		C67028EE2BC89980006D99E8 /* tuffy.ttf in Resources */ = {isa = PBXBuildFile; fileRef = C67028ED2BC89980006D99E8 /* tuffy.ttf */; };
		C67028F02BC89980006D99E8 /* icon.png in Resources */ = {isa = PBXBuildFile; fileRef = C67028EF2BC89980006D99E8 /* icon.png */; };
/* End PBXBuildFile section */

/* Begin PBXFileReference section */
		C67028DE2BC89980006D99E8 /* sme.app */ = {isa = PBXFileReference; explicitFileType = wrapper.application; includeInIndex = 0; path = sme.app; sourceTree = BUILT_PRODUCTS_DIR; };
		C67028E22BC89980006D99E8 /* sme-Info.plist */ = {isa = PBXFileReference; lastKnownFileType = text.plist.xml; name = "sme-Info.plist"; path = "../sme-Info.plist"; sourceTree = "<group>"; };
		C67028E32BC89980006D99E8 /* ResourcePath.mm */ = {isa = PBXFileReference; lastKnownFileType = sourcecode.cpp.objcpp; path = ResourcePath.mm; sourceTree = "<group>"; };
		C67028E52BC89980006D99E8 /* ResourcePath.hpp */ = {isa = PBXFileReference; lastKnownFileType = sourcecode.cpp.h; path = ResourcePath.hpp; sourceTree = "<group>"; };
		C67028E62BC89980006D99E8 /* main.cpp */ = {isa = PBXFileReference; lastKnownFileType = sourcecode.cpp.cpp; path = main.cpp; sourceTree = "<group>"; };
		C67028E92BC89980006D99E8 /* background.jpg */ = {isa = PBXFileReference; lastKnownFileType = image.jpeg; name = background.jpg; path = ../background.jpg; sourceTree = "<group>"; };
		C67028EB2BC89980006D99E8 /* doodle_pop.ogg */ = {isa = PBXFileReference; lastKnownFileType = file; name = doodle_pop.ogg; path = ../doodle_pop.ogg; sourceTree = "<group>"; };
		C67028ED2BC89980006D99E8 /* tuffy.ttf */ = {isa = PBXFileReference; lastKnownFileType = file; name = tuffy.ttf; path = ../tuffy.ttf; sourceTree = "<group>"; };
		C67028EF2BC89980006D99E8 /* icon.png */ = {isa = PBXFileReference; lastKnownFileType = image.png; name = icon.png; path = ../icon.png; sourceTree = "<group>"; };
/* End PBXFileReference section */

/* Begin PBXFrameworksBuildPhase section */
		C67028DA2BC89980006D99E8 /* Frameworks */ = {
			isa = PBXFrameworksBuildPhase;
			buildActionMask = 2147483647;
			files = (
			);
			runOnlyForDeploymentPostprocessing = 0;
		};
/* End PBXFrameworksBuildPhase section */

/* Begin PBXGroup section */
		C67028D42BC89980006D99E8 = {
			isa = PBXGroup;
			children = (
				C67028E02BC89980006D99E8 /* sme */,
				C67028DF2BC89980006D99E8 /* Products */,
			);
			sourceTree = "<group>";
		};
		C67028DF2BC89980006D99E8 /* Products */ = {
			isa = PBXGroup;
			children = (
				C67028DE2BC89980006D99E8 /* sme.app */,
			);
			name = Products;
			sourceTree = "<group>";
		};
		C67028E02BC89980006D99E8 /* sme */ = {
			isa = PBXGroup;
			children = (
				C67028E32BC89980006D99E8 /* ResourcePath.mm */,
				C67028E52BC89980006D99E8 /* ResourcePath.hpp */,
				C67028E62BC89980006D99E8 /* main.cpp */,
				C67028E82BC89980006D99E8 /* Resources */,
				C67028E12BC89980006D99E8 /* Supporting Files */,
			);
			path = sme;
			sourceTree = "<group>";
		};
		C67028E12BC89980006D99E8 /* Supporting Files */ = {
			isa = PBXGroup;
			children = (
				C67028E22BC89980006D99E8 /* sme-Info.plist */,
			);
			path = "Supporting Files";
			sourceTree = "<group>";
		};
		C67028E82BC89980006D99E8 /* Resources */ = {
			isa = PBXGroup;
			children = (
				C67028E92BC89980006D99E8 /* background.jpg */,
				C67028EB2BC89980006D99E8 /* doodle_pop.ogg */,
				C67028ED2BC89980006D99E8 /* tuffy.ttf */,
				C67028EF2BC89980006D99E8 /* icon.png */,
			);
			path = Resources;
			sourceTree = "<group>";
		};
/* End PBXGroup section */

/* Begin PBXNativeTarget section */
		C67028DD2BC89980006D99E8 /* sme */ = {
			isa = PBXNativeTarget;
			buildConfigurationList = C67028F32BC89980006D99E8 /* Build configuration list for PBXNativeTarget "sme" */;
			buildPhases = (
				C67028D92BC89980006D99E8 /* Sources */,
				C67028DA2BC89980006D99E8 /* Frameworks */,
				C67028DB2BC89980006D99E8 /* Resources */,
				C67028DC2BC89980006D99E8 /* ShellScript */,
			);
			buildRules = (
			);
			dependencies = (
			);
			name = sme;
			productName = sme;
			productReference = C67028DE2BC89980006D99E8 /* sme.app */;
			productType = "com.apple.product-type.application";
		};
/* End PBXNativeTarget section */

/* Begin PBXProject section */
		C67028D52BC89980006D99E8 /* Project object */ = {
			isa = PBXProject;
			attributes = {
				BuildIndependentTargetsInParallel = 1;
				LastUpgradeCheck = 1530;
				ORGANIZATIONNAME = "Aditya Harsh";
				TargetAttributes = {
					C67028DD2BC89980006D99E8 = {
						CreatedOnToolsVersion = 15.3;
					};
				};
			};
			buildConfigurationList = C67028D82BC89980006D99E8 /* Build configuration list for PBXProject "sme" */;
			compatibilityVersion = "Xcode 14.0";
			developmentRegion = en;
			hasScannedForEncodings = 0;
			knownRegions = (
				en,
				Base,
			);
			mainGroup = C67028D42BC89980006D99E8;
			productRefGroup = C67028DF2BC89980006D99E8 /* Products */;
			projectDirPath = "";
			projectRoot = "";
			targets = (
				C67028DD2BC89980006D99E8 /* sme */,
			);
		};
/* End PBXProject section */

/* Begin PBXResourcesBuildPhase section */
		C67028DB2BC89980006D99E8 /* Resources */ = {
			isa = PBXResourcesBuildPhase;
			buildActionMask = 2147483647;
			files = (
				C67028F02BC89980006D99E8 /* icon.png in Resources */,
				C67028EC2BC89980006D99E8 /* doodle_pop.ogg in Resources */,
				C67028EA2BC89980006D99E8 /* background.jpg in Resources */,
				C67028EE2BC89980006D99E8 /* tuffy.ttf in Resources */,
			);
			runOnlyForDeploymentPostprocessing = 0;
		};
/* End PBXResourcesBuildPhase section */

/* Begin PBXShellScriptBuildPhase section */
		C67028DC2BC89980006D99E8 /* ShellScript */ = {
			isa = PBXShellScriptBuildPhase;
			buildActionMask = 2147483647;
			files = (
			);
			inputFileListPaths = (
			);
			inputPaths = (
			);
			outputFileListPaths = (
			);
			outputPaths = (
			);
			runOnlyForDeploymentPostprocessing = 0;
			shellPath = /bin/sh;
			shellScript = "# This shell script simply copies required SFML dylibs/frameworks into the application bundle frameworks folder.\n# If you're using static libraries (which is not recommended) you should remove this script from your project.\n\n# SETTINGS\nSFML_DEPENDENCIES_INSTALL_PREFIX=\"\"\nCMAKE_INSTALL_FRAMEWORK_PREFIX=\"/Users/sfml/Desktop/package/tmp/install/Library/Frameworks\"\nCMAKE_INSTALL_LIB_PREFIX=\"/Users/sfml/Desktop/package/tmp/install/Library/Frameworks/lib\"\nFRAMEWORKS_FULL_PATH=\"$BUILT_PRODUCTS_DIR/$FRAMEWORKS_FOLDER_PATH/\"\n\n# Are we building a project that uses frameworks or dylibs?\ncase \"$SFML_BINARY_TYPE\" in\n    DYLIBS)\n        frameworks=\"false\"\n        ;;\n    *)\n        frameworks=\"true\"\n        ;;\nesac\n\n# Echoes to stderr\nerror () # $* message to display\n{\n    echo $* 1>&2\n    exit 2\n}\n\nassert () # $1 is a boolean, $2...N is an error message\n{\n    if [ $# -lt 2 ]\n    then\n        error \"Internal error in assert: not enough args\"\n    fi\n\n    if [ $1 -ne 0 ]\n    then\n        shift\n        error \"$*\"\n    fi\n}\n\nforce_remove () # $@ is some paths\n{\n    test $# -ge 1\n    assert $? \"force_remove() requires at least one parameter\"\n    rm -fr $@\n    assert $? \"couldn't remove $@\"\n}\n\ncopy () # $1 is a source, $2 is a destination\n{\n    test $# -eq 2\n    assert $? \"copy() requires two parameters\"\n    ditto \"$1\" \"$2\"\n    assert $? \"couldn't copy $1 to $2\"\n}\n\nrequire () # $1 is a SFML module like 'system' or 'audio'\n{\n    dest=\"$BUILT_PRODUCTS_DIR/$FRAMEWORKS_FOLDER_PATH/\"\n\n    if [ -z \"$1\" ]\n    then\n        error \"require() requires one parameter!\"\n    else\n        # clean potentially old stuff\n        force_remove \"$dest/libsfml-$1\"*\n        force_remove \"$dest/sfml-$1.framework\"\n\n        # copy SFML libraries\n        if [ \"$frameworks\" = \"true\" ]\n        then\n            source=\"$CMAKE_INSTALL_FRAMEWORK_PREFIX/sfml-$1.framework\"\n            target=\"sfml-$1.framework\"\n        elif [ \"$SFML_LINK_DYLIBS_SUFFIX\" = \"-d\" ]\n        then\n            source=\"$CMAKE_INSTALL_LIB_PREFIX/libsfml-$1-d.dylib\"\n            target=\"`readlink $source`\"\n        else\n            source=\"$CMAKE_INSTALL_LIB_PREFIX/libsfml-$1.dylib\"\n            target=\"`readlink $source`\"\n        fi\n\n        copy \"$source\" \"$dest/$target\"\n\n        # copy extra dependencies\n        if [ \"$1\" = \"audio\" ]\n        then\n            # copy \"FLAC\" \"ogg\" \"vorbis\" \"vorbisenc\" \"vorbisfile\" \"OpenAL\" frameworks too\n            for f in \"FLAC\" \"ogg\" \"vorbis\" \"vorbisenc\" \"vorbisfile\" \"OpenAL\"\n            do\n                copy \"$SFML_DEPENDENCIES_INSTALL_PREFIX/$f.framework\" \"$dest/$f.framework\"\n            done\n        elif [ \"$1\" = \"graphics\" ]\n        then\n            copy \"$SFML_DEPENDENCIES_INSTALL_PREFIX/freetype.framework\" \"$dest/freetype.framework\"\n        fi\n    fi\n}\n\nif [ -n \"$SFML_SYSTEM\" ]\nthen\n    require \"system\"\nfi\n\nif [ -n \"$SFML_AUDIO\" ]\nthen\n    require \"audio\"\nfi\n\nif [ -n \"$SFML_NETWORK\" ]\nthen\n    require \"network\"\nfi\n\nif [ -n \"$SFML_WINDOW\" ]\nthen\n    require \"window\"\nfi\n\nif [ -n \"$SFML_GRAPHICS\" ]\nthen\n    require \"graphics\"\nfi\n\n                ";
		};
/* End PBXShellScriptBuildPhase section */

/* Begin PBXSourcesBuildPhase section */
		C67028D92BC89980006D99E8 /* Sources */ = {
			isa = PBXSourcesBuildPhase;
			buildActionMask = 2147483647;
			files = (
				C67028E72BC89980006D99E8 /* main.cpp in Sources */,
				C67028E42BC89980006D99E8 /* ResourcePath.mm in Sources */,
			);
			runOnlyForDeploymentPostprocessing = 0;
		};
/* End PBXSourcesBuildPhase section */

/* Begin XCBuildConfiguration section */
		C67028F12BC89980006D99E8 /* Debug */ = {
			isa = XCBuildConfiguration;
			buildSettings = {
				ARCHS = "$(NATIVE_ARCH_ACTUAL)";
				CLANG_CXX_LANGUAGE_STANDARD = "c++11";
				CLANG_CXX_LIBRARY = "libc++";
				FRAMEWORK_SEARCH_PATHS = (
					/Library/Frameworks/,
					"$(inherited)",
				);
				GCC_VERSION = com.apple.compilers.llvm.clang.1_0;
				HEADER_SEARCH_PATHS = (
					/usr/local/include/,
					"$(inherited)",
				);
				LIBRARY_SEARCH_PATHS = (
					/usr/local/lib/,
					"$(inherited)",
				);
				MACOSX_DEPLOYMENT_TARGET = 11.00;
				OTHER_LDFLAGS = (
					"$(inherited)",
					"$(SFML_SYSTEM)",
					"$(SFML_WINDOW)",
					"$(SFML_GRAPHICS)",
					"$(SFML_AUDIO)",
					"$(SFML_NETWORK)",
				);
				SFML_AUDIO = "$(SFML_LINK_PREFIX) sfml-audio$(SFML_LINK_SUFFIX)";
				SFML_BINARY_TYPE = FRAMEWORKS;
				SFML_GRAPHICS = "$(SFML_LINK_PREFIX) sfml-graphics$(SFML_LINK_SUFFIX)";
				SFML_LINK_DYLIBS_PREFIX = "-l";
				SFML_LINK_DYLIBS_SUFFIX = "";
				SFML_LINK_FRAMEWORKS_PREFIX = "-framework";
				SFML_LINK_FRAMEWORKS_SUFFIX = "";
				SFML_LINK_PREFIX = "$(SFML_LINK_$(SFML_BINARY_TYPE)_PREFIX)";
				SFML_LINK_SUFFIX = "$(SFML_LINK_$(SFML_BINARY_TYPE)_SUFFIX)";
				SFML_NETWORK = "$(SFML_LINK_PREFIX) sfml-network$(SFML_LINK_SUFFIX)";
				SFML_SYSTEM = "$(SFML_LINK_PREFIX) sfml-system$(SFML_LINK_SUFFIX)";
				SFML_WINDOW = "$(SFML_LINK_PREFIX) sfml-window$(SFML_LINK_SUFFIX)";
				SUPPORTED_PLATFORMS = macosx;
			};
			name = Debug;
		};
		C67028F22BC89980006D99E8 /* Release */ = {
			isa = XCBuildConfiguration;
			buildSettings = {
				ARCHS = "$(NATIVE_ARCH_ACTUAL)";
				CLANG_CXX_LANGUAGE_STANDARD = "c++11";
				CLANG_CXX_LIBRARY = "libc++";
				FRAMEWORK_SEARCH_PATHS = (
					/Library/Frameworks/,
					"$(inherited)",
				);
				GCC_VERSION = com.apple.compilers.llvm.clang.1_0;
				HEADER_SEARCH_PATHS = (
					/usr/local/include/,
					"$(inherited)",
				);
				LIBRARY_SEARCH_PATHS = (
					/usr/local/lib/,
					"$(inherited)",
				);
				MACOSX_DEPLOYMENT_TARGET = 11.00;
				OTHER_LDFLAGS = (
					"$(inherited)",
					"$(SFML_SYSTEM)",
					"$(SFML_WINDOW)",
					"$(SFML_GRAPHICS)",
					"$(SFML_AUDIO)",
					"$(SFML_NETWORK)",
				);
				SFML_AUDIO = "$(SFML_LINK_PREFIX) sfml-audio$(SFML_LINK_SUFFIX)";
				SFML_BINARY_TYPE = FRAMEWORKS;
				SFML_GRAPHICS = "$(SFML_LINK_PREFIX) sfml-graphics$(SFML_LINK_SUFFIX)";
				SFML_LINK_DYLIBS_PREFIX = "-l";
				SFML_LINK_DYLIBS_SUFFIX = "";
				SFML_LINK_FRAMEWORKS_PREFIX = "-framework";
				SFML_LINK_FRAMEWORKS_SUFFIX = "";
				SFML_LINK_PREFIX = "$(SFML_LINK_$(SFML_BINARY_TYPE)_PREFIX)";
				SFML_LINK_SUFFIX = "$(SFML_LINK_$(SFML_BINARY_TYPE)_SUFFIX)";
				SFML_NETWORK = "$(SFML_LINK_PREFIX) sfml-network$(SFML_LINK_SUFFIX)";
				SFML_SYSTEM = "$(SFML_LINK_PREFIX) sfml-system$(SFML_LINK_SUFFIX)";
				SFML_WINDOW = "$(SFML_LINK_PREFIX) sfml-window$(SFML_LINK_SUFFIX)";
				SUPPORTED_PLATFORMS = macosx;
			};
			name = Release;
		};
		C67028F42BC89980006D99E8 /* Debug */ = {
			isa = XCBuildConfiguration;
			buildSettings = {
				CODE_SIGN_STYLE = Automatic;
				INFOPLIST_FILE = "sme/sme-Info.plist";
				LD_RUNPATH_SEARCH_PATHS = "@loader_path/../Frameworks";
				PRODUCT_NAME = "$(TARGET_NAME)";
			};
			name = Debug;
		};
		C67028F52BC89980006D99E8 /* Release */ = {
			isa = XCBuildConfiguration;
			buildSettings = {
				CODE_SIGN_STYLE = Automatic;
				INFOPLIST_FILE = "sme/sme-Info.plist";
				LD_RUNPATH_SEARCH_PATHS = "@loader_path/../Frameworks";
				PRODUCT_NAME = "$(TARGET_NAME)";
			};
			name = Release;
		};
/* End XCBuildConfiguration section */

/* Begin XCConfigurationList section */
		C67028D82BC89980006D99E8 /* Build configuration list for PBXProject "sme" */ = {
			isa = XCConfigurationList;
			buildConfigurations = (
				C67028F12BC89980006D99E8 /* Debug */,
				C67028F22BC89980006D99E8 /* Release */,
			);
			defaultConfigurationIsVisible = 0;
			defaultConfigurationName = Release;
		};
		C67028F32BC89980006D99E8 /* Build configuration list for PBXNativeTarget "sme" */ = {
			isa = XCConfigurationList;
			buildConfigurations = (
				C67028F42BC89980006D99E8 /* Debug */,
				C67028F52BC89980006D99E8 /* Release */,
			);
			defaultConfigurationIsVisible = 0;
			defaultConfigurationName = Release;
		};
/* End XCConfigurationList section */
	};
	rootObject = C67028D52BC89980006D99E8 /* Project object */;
}
